
Microsoft Visual Studio Solution File, Format Version 12.00
# Visual Studio Version 16
VisualStudioVersion = 16.0.30804.86
MinimumVisualStudioVersion = 10.0.40219.1
Project("{9A19103F-16F7-4668-BE54-9A1E7A4F7556}") = "ImageUploadAPI", "ImageUploadAPI\ImageUploadAPI.csproj", "{848900FE-605D-4EA7-BF54-1D3E7BD6120B}"
EndProject
Project("{FAE04EC0-301F-11D3-BF4B-00C04F79EFBC}") = "ImageUploadAPITests", "ImageUploadAPITests\ImageUploadAPITests.csproj", "{89206FA8-6521-4658-A22A-C670D412CF98}"
EndProject
Global
	GlobalSection(SolutionConfigurationPlatforms) = preSolution
		Debug|Any CPU = Debug|Any CPU
		Release|Any CPU = Release|Any CPU
	EndGlobalSection
	GlobalSection(ProjectConfigurationPlatforms) = postSolution
		{848900FE-605D-4EA7-BF54-1D3E7BD6120B}.Debug|Any CPU.ActiveCfg = Debug|Any CPU
		{848900FE-605D-4EA7-BF54-1D3E7BD6120B}.Debug|Any CPU.Build.0 = Debug|Any CPU
		{848900FE-605D-4EA7-BF54-1D3E7BD6120B}.Release|Any CPU.ActiveCfg = Release|Any CPU
		{848900FE-605D-4EA7-BF54-1D3E7BD6120B}.Release|Any CPU.Build.0 = Release|Any CPU
		{89206FA8-6521-4658-A22A-C670D412CF98}.Debug|Any CPU.ActiveCfg = Debug|Any CPU
		{89206FA8-6521-4658-A22A-C670D412CF98}.Debug|Any CPU.Build.0 = Debug|Any CPU
		{89206FA8-6521-4658-A22A-C670D412CF98}.Release|Any CPU.ActiveCfg = Release|Any CPU
		{89206FA8-6521-4658-A22A-C670D412CF98}.Release|Any CPU.Build.0 = Release|Any CPU
	EndGlobalSection
	GlobalSection(SolutionProperties) = preSolution
		HideSolutionNode = FALSE
	EndGlobalSection
	GlobalSection(ExtensibilityGlobals) = postSolution
		SolutionGuid = {AA60324A-3A32-4432-A96D-40F2110B69CE}
	EndGlobalSection
EndGlobal
